// !$*UTF8*$!
{
	archiveVersion = 1;
	classes = {
	};
	objectVersion = 46;
	objects = {

/* Begin PBXBuildFile section */
		0E71268D1B5F2E97003E8F02 /* AppDelegate.swift in Sources */ = {isa = PBXBuildFile; fileRef = 0E71268C1B5F2E97003E8F02 /* AppDelegate.swift */; };
		0E71268F1B5F2E97003E8F02 /* ViewController.swift in Sources */ = {isa = PBXBuildFile; fileRef = 0E71268E1B5F2E97003E8F02 /* ViewController.swift */; };
		0E7126921B5F2E97003E8F02 /* Main.storyboard in Resources */ = {isa = PBXBuildFile; fileRef = 0E7126901B5F2E97003E8F02 /* Main.storyboard */; };
		0E7126941B5F2E97003E8F02 /* Images.xcassets in Resources */ = {isa = PBXBuildFile; fileRef = 0E7126931B5F2E97003E8F02 /* Images.xcassets */; };
		0E7126971B5F2E97003E8F02 /* LaunchScreen.xib in Resources */ = {isa = PBXBuildFile; fileRef = 0E7126951B5F2E97003E8F02 /* LaunchScreen.xib */; };
		0E7126A31B5F2E97003E8F02 /* FACocoaPodsTests.swift in Sources */ = {isa = PBXBuildFile; fileRef = 0E7126A21B5F2E97003E8F02 /* FACocoaPodsTests.swift */; };
/* End PBXBuildFile section */

/* Begin PBXContainerItemProxy section */
		0E71269D1B5F2E97003E8F02 /* PBXContainerItemProxy */ = {
			isa = PBXContainerItemProxy;
			containerPortal = 0E71267F1B5F2E97003E8F02 /* Project object */;
			proxyType = 1;
			remoteGlobalIDString = 0E7126861B5F2E97003E8F02;
			remoteInfo = FACocoaPods;
		};
/* End PBXContainerItemProxy section */

/* Begin PBXFileReference section */
		0E7126871B5F2E97003E8F02 /* FACocoaPods.app */ = {isa = PBXFileReference; explicitFileType = wrapper.application; includeInIndex = 0; path = FACocoaPods.app; sourceTree = BUILT_PRODUCTS_DIR; };
		0E71268B1B5F2E97003E8F02 /* Info.plist */ = {isa = PBXFileReference; lastKnownFileType = text.plist.xml; path = Info.plist; sourceTree = "<group>"; };
		0E71268C1B5F2E97003E8F02 /* AppDelegate.swift */ = {isa = PBXFileReference; lastKnownFileType = sourcecode.swift; path = AppDelegate.swift; sourceTree = "<group>"; };
		0E71268E1B5F2E97003E8F02 /* ViewController.swift */ = {isa = PBXFileReference; lastKnownFileType = sourcecode.swift; path = ViewController.swift; sourceTree = "<group>"; };
		0E7126911B5F2E97003E8F02 /* Base */ = {isa = PBXFileReference; lastKnownFileType = file.storyboard; name = Base; path = Base.lproj/Main.storyboard; sourceTree = "<group>"; };
		0E7126931B5F2E97003E8F02 /* Images.xcassets */ = {isa = PBXFileReference; lastKnownFileType = folder.assetcatalog; path = Images.xcassets; sourceTree = "<group>"; };
		0E7126961B5F2E97003E8F02 /* Base */ = {isa = PBXFileReference; lastKnownFileType = file.xib; name = Base; path = Base.lproj/LaunchScreen.xib; sourceTree = "<group>"; };
		0E71269C1B5F2E97003E8F02 /* FACocoaPodsTests.xctest */ = {isa = PBXFileReference; explicitFileType = wrapper.cfbundle; includeInIndex = 0; path = FACocoaPodsTests.xctest; sourceTree = BUILT_PRODUCTS_DIR; };
		0E7126A11B5F2E97003E8F02 /* Info.plist */ = {isa = PBXFileReference; lastKnownFileType = text.plist.xml; path = Info.plist; sourceTree = "<group>"; };
		0E7126A21B5F2E97003E8F02 /* FACocoaPodsTests.swift */ = {isa = PBXFileReference; lastKnownFileType = sourcecode.swift; path = FACocoaPodsTests.swift; sourceTree = "<group>"; };
/* End PBXFileReference section */

/* Begin PBXFrameworksBuildPhase section */
		0E7126841B5F2E97003E8F02 /* Frameworks */ = {
			isa = PBXFrameworksBuildPhase;
			buildActionMask = 2147483647;
			files = (
			);
			runOnlyForDeploymentPostprocessing = 0;
		};
		0E7126991B5F2E97003E8F02 /* Frameworks */ = {
			isa = PBXFrameworksBuildPhase;
			buildActionMask = 2147483647;
			files = (
			);
			runOnlyForDeploymentPostprocessing = 0;
		};
/* End PBXFrameworksBuildPhase section */

/* Begin PBXGroup section */
		0E71267E1B5F2E97003E8F02 = {
			isa = PBXGroup;
			children = (
				0E7126891B5F2E97003E8F02 /* FACocoaPods */,
				0E71269F1B5F2E97003E8F02 /* FACocoaPodsTests */,
				0E7126881B5F2E97003E8F02 /* Products */,
			);
			sourceTree = "<group>";
		};
		0E7126881B5F2E97003E8F02 /* Products */ = {
			isa = PBXGroup;
			children = (
				0E7126871B5F2E97003E8F02 /* FACocoaPods.app */,
				0E71269C1B5F2E97003E8F02 /* FACocoaPodsTests.xctest */,
			);
			name = Products;
			sourceTree = "<group>";
		};
		0E7126891B5F2E97003E8F02 /* FACocoaPods */ = {
			isa = PBXGroup;
			children = (
				0E71268C1B5F2E97003E8F02 /* AppDelegate.swift */,
				0E71268E1B5F2E97003E8F02 /* ViewController.swift */,
				0E7126901B5F2E97003E8F02 /* Main.storyboard */,
				0E7126931B5F2E97003E8F02 /* Images.xcassets */,
				0E7126951B5F2E97003E8F02 /* LaunchScreen.xib */,
				0E71268A1B5F2E97003E8F02 /* Supporting Files */,
			);
			path = FACocoaPods;
			sourceTree = "<group>";
		};
		0E71268A1B5F2E97003E8F02 /* Supporting Files */ = {
			isa = PBXGroup;
			children = (
				0E71268B1B5F2E97003E8F02 /* Info.plist */,
			);
			name = "Supporting Files";
			sourceTree = "<group>";
		};
		0E71269F1B5F2E97003E8F02 /* FACocoaPodsTests */ = {
			isa = PBXGroup;
			children = (
				0E7126A21B5F2E97003E8F02 /* FACocoaPodsTests.swift */,
				0E7126A01B5F2E97003E8F02 /* Supporting Files */,
			);
			path = FACocoaPodsTests;
			sourceTree = "<group>";
		};
		0E7126A01B5F2E97003E8F02 /* Supporting Files */ = {
			isa = PBXGroup;
			children = (
				0E7126A11B5F2E97003E8F02 /* Info.plist */,
			);
			name = "Supporting Files";
			sourceTree = "<group>";
		};
/* End PBXGroup section */

/* Begin PBXNativeTarget section */
		0E7126861B5F2E97003E8F02 /* FACocoaPods */ = {
			isa = PBXNativeTarget;
			buildConfigurationList = 0E7126A61B5F2E97003E8F02 /* Build configuration list for PBXNativeTarget "FACocoaPods" */;
			buildPhases = (
				0E7126831B5F2E97003E8F02 /* Sources */,
				0E7126841B5F2E97003E8F02 /* Frameworks */,
				0E7126851B5F2E97003E8F02 /* Resources */,
			);
			buildRules = (
			);
			dependencies = (
			);
			name = FACocoaPods;
			productName = FACocoaPods;
			productReference = 0E7126871B5F2E97003E8F02 /* FACocoaPods.app */;
			productType = "com.apple.product-type.application";
		};
		0E71269B1B5F2E97003E8F02 /* FACocoaPodsTests */ = {
			isa = PBXNativeTarget;
			buildConfigurationList = 0E7126A91B5F2E97003E8F02 /* Build configuration list for PBXNativeTarget "FACocoaPodsTests" */;
			buildPhases = (
				0E7126981B5F2E97003E8F02 /* Sources */,
				0E7126991B5F2E97003E8F02 /* Frameworks */,
				0E71269A1B5F2E97003E8F02 /* Resources */,
			);
			buildRules = (
			);
			dependencies = (
				0E71269E1B5F2E97003E8F02 /* PBXTargetDependency */,
			);
			name = FACocoaPodsTests;
			productName = FACocoaPodsTests;
			productReference = 0E71269C1B5F2E97003E8F02 /* FACocoaPodsTests.xctest */;
			productType = "com.apple.product-type.bundle.unit-test";
		};
/* End PBXNativeTarget section */

/* Begin PBXProject section */
		0E71267F1B5F2E97003E8F02 /* Project object */ = {
			isa = PBXProject;
			attributes = {
				LastUpgradeCheck = 0640;
				ORGANIZATIONNAME = longhao;
				TargetAttributes = {
					0E7126861B5F2E97003E8F02 = {
						CreatedOnToolsVersion = 6.4;
					};
					0E71269B1B5F2E97003E8F02 = {
						CreatedOnToolsVersion = 6.4;
						TestTargetID = 0E7126861B5F2E97003E8F02;
					};
				};
			};
			buildConfigurationList = 0E7126821B5F2E97003E8F02 /* Build configuration list for PBXProject "FACocoaPods" */;
			compatibilityVersion = "Xcode 3.2";
			developmentRegion = English;
			hasScannedForEncodings = 0;
			knownRegions = (
				en,
				Base,
			);
			mainGroup = 0E71267E1B5F2E97003E8F02;
			productRefGroup = 0E7126881B5F2E97003E8F02 /* Products */;
			projectDirPath = "";
			projectRoot = "";
			targets = (
				0E7126861B5F2E97003E8F02 /* FACocoaPods */,
				0E71269B1B5F2E97003E8F02 /* FACocoaPodsTests */,
			);
		};
/* End PBXProject section */

/* Begin PBXResourcesBuildPhase section */
		0E7126851B5F2E97003E8F02 /* Resources */ = {
			isa = PBXResourcesBuildPhase;
			buildActionMask = 2147483647;
			files = (
				0E7126921B5F2E97003E8F02 /* Main.storyboard in Resources */,
				0E7126971B5F2E97003E8F02 /* LaunchScreen.xib in Resources */,
				0E7126941B5F2E97003E8F02 /* Images.xcassets in Resources */,
			);
			runOnlyForDeploymentPostprocessing = 0;
		};
		0E71269A1B5F2E97003E8F02 /* Resources */ = {
			isa = PBXResourcesBuildPhase;
			buildActionMask = 2147483647;
			files = (
			);
			runOnlyForDeploymentPostprocessing = 0;
		};
/* End PBXResourcesBuildPhase section */

/* Begin PBXSourcesBuildPhase section */
		0E7126831B5F2E97003E8F02 /* Sources */ = {
			isa = PBXSourcesBuildPhase;
			buildActionMask = 2147483647;
			files = (
				0E71268F1B5F2E97003E8F02 /* ViewController.swift in Sources */,
				0E71268D1B5F2E97003E8F02 /* AppDelegate.swift in Sources */,
			);
			runOnlyForDeploymentPostprocessing = 0;
		};
		0E7126981B5F2E97003E8F02 /* Sources */ = {
			isa = PBXSourcesBuildPhase;
			buildActionMask = 2147483647;
			files = (
				0E7126A31B5F2E97003E8F02 /* FACocoaPodsTests.swift in Sources */,
			);
			runOnlyForDeploymentPostprocessing = 0;
		};
/* End PBXSourcesBuildPhase section */

/* Begin PBXTargetDependency section */
		0E71269E1B5F2E97003E8F02 /* PBXTargetDependency */ = {
			isa = PBXTargetDependency;
			target = 0E7126861B5F2E97003E8F02 /* FACocoaPods */;
			targetProxy = 0E71269D1B5F2E97003E8F02 /* PBXContainerItemProxy */;
		};
/* End PBXTargetDependency section */

/* Begin PBXVariantGroup section */
		0E7126901B5F2E97003E8F02 /* Main.storyboard */ = {
			isa = PBXVariantGroup;
			children = (
				0E7126911B5F2E97003E8F02 /* Base */,
			);
			name = Main.storyboard;
			sourceTree = "<group>";
		};
		0E7126951B5F2E97003E8F02 /* LaunchScreen.xib */ = {
			isa = PBXVariantGroup;
			children = (
				0E7126961B5F2E97003E8F02 /* Base */,
			);
			name = LaunchScreen.xib;
			sourceTree = "<group>";
		};
/* End PBXVariantGroup section */

/* Begin XCBuildConfiguration section */
		0E7126A41B5F2E97003E8F02 /* Debug */ = {
			isa = XCBuildConfiguration;
			buildSettings = {
				ALWAYS_SEARCH_USER_PATHS = NO;
				CLANG_CXX_LANGUAGE_STANDARD = "gnu++0x";
				CLANG_CXX_LIBRARY = "libc++";
				CLANG_ENABLE_MODULES = YES;
				CLANG_ENABLE_OBJC_ARC = YES;
				CLANG_WARN_BOOL_CONVERSION = YES;
				CLANG_WARN_CONSTANT_CONVERSION = YES;
				CLANG_WARN_DIRECT_OBJC_ISA_USAGE = YES_ERROR;
				CLANG_WARN_EMPTY_BODY = YES;
				CLANG_WARN_ENUM_CONVERSION = YES;
				CLANG_WARN_INT_CONVERSION = YES;
				CLANG_WARN_OBJC_ROOT_CLASS = YES_ERROR;
				CLANG_WARN_UNREACHABLE_CODE = YES;
				CLANG_WARN__DUPLICATE_METHOD_MATCH = YES;
				"CODE_SIGN_IDENTITY[sdk=iphoneos*]" = "iPhone Developer";
				COPY_PHASE_STRIP = NO;
				DEBUG_INFORMATION_FORMAT = "dwarf-with-dsym";
				ENABLE_STRICT_OBJC_MSGSEND = YES;
				GCC_C_LANGUAGE_STANDARD = gnu99;
				GCC_DYNAMIC_NO_PIC = NO;
				GCC_NO_COMMON_BLOCKS = YES;
				GCC_OPTIMIZATION_LEVEL = 0;
				GCC_PREPROCESSOR_DEFINITIONS = (
					"DEBUG=1",
					"$(inherited)",
				);
				GCC_SYMBOLS_PRIVATE_EXTERN = NO;
				GCC_WARN_64_TO_32_BIT_CONVERSION = YES;
				GCC_WARN_ABOUT_RETURN_TYPE = YES_ERROR;
				GCC_WARN_UNDECLARED_SELECTOR = YES;
				GCC_WARN_UNINITIALIZED_AUTOS = YES_AGGRESSIVE;
				GCC_WARN_UNUSED_FUNCTION = YES;
				GCC_WARN_UNUSED_VARIABLE = YES;
				IPHONEOS_DEPLOYMENT_TARGET = 8.4;
				MTL_ENABLE_DEBUG_INFO = YES;
				ONLY_ACTIVE_ARCH = YES;
				SDKROOT = iphoneos;
				SWIFT_OPTIMIZATION_LEVEL = "-Onone";
			};
			name = Debug;
		};
		0E7126A51B5F2E97003E8F02 /* Release */ = {
			isa = XCBuildConfiguration;
			buildSettings = {
				ALWAYS_SEARCH_USER_PATHS = NO;
				CLANG_CXX_LANGUAGE_STANDARD = "gnu++0x";
				CLANG_CXX_LIBRARY = "libc++";
				CLANG_ENABLE_MODULES = YES;
				CLANG_ENABLE_OBJC_ARC = YES;
				CLANG_WARN_BOOL_CONVERSION = YES;
				CLANG_WARN_CONSTANT_CONVERSION = YES;
				CLANG_WARN_DIRECT_OBJC_ISA_USAGE = YES_ERROR;
				CLANG_WARN_EMPTY_BODY = YES;
				CLANG_WARN_ENUM_CONVERSION = YES;
				CLANG_WARN_INT_CONVERSION = YES;
				CLANG_WARN_OBJC_ROOT_CLASS = YES_ERROR;
				CLANG_WARN_UNREACHABLE_CODE = YES;
				CLANG_WARN__DUPLICATE_METHOD_MATCH = YES;
				"CODE_SIGN_IDENTITY[sdk=iphoneos*]" = "iPhone Developer";
				COPY_PHASE_STRIP = NO;
				DEBUG_INFORMATION_FORMAT = "dwarf-with-dsym";
				ENABLE_NS_ASSERTIONS = NO;
				ENABLE_STRICT_OBJC_MSGSEND = YES;
				GCC_C_LANGUAGE_STANDARD = gnu99;
				GCC_NO_COMMON_BLOCKS = YES;
				GCC_WARN_64_TO_32_BIT_CONVERSION = YES;
				GCC_WARN_ABOUT_RETURN_TYPE = YES_ERROR;
				GCC_WARN_UNDECLARED_SELECTOR = YES;
				GCC_WARN_UNINITIALIZED_AUTOS = YES_AGGRESSIVE;
				GCC_WARN_UNUSED_FUNCTION = YES;
				GCC_WARN_UNUSED_VARIABLE = YES;
				IPHONEOS_DEPLOYMENT_TARGET = 8.4;
				MTL_ENABLE_DEBUG_INFO = NO;
				SDKROOT = iphoneos;
				VALIDATE_PRODUCT = YES;
			};
			name = Release;
		};
		0E7126A71B5F2E97003E8F02 /* Debug */ = {
			isa = XCBuildConfiguration;
			buildSettings = {
				ASSETCATALOG_COMPILER_APPICON_NAME = AppIcon;
				INFOPLIST_FILE = FACocoaPods/Info.plist;
				LD_RUNPATH_SEARCH_PATHS = "$(inherited) @executable_path/Frameworks";
				PRODUCT_NAME = "$(TARGET_NAME)";
			};
			name = Debug;
		};
		0E7126A81B5F2E97003E8F02 /* Release */ = {
			isa = XCBuildConfiguration;
			buildSettings = {
				ASSETCATALOG_COMPILER_APPICON_NAME = AppIcon;
				INFOPLIST_FILE = FACocoaPods/Info.plist;
				LD_RUNPATH_SEARCH_PATHS = "$(inherited) @executable_path/Frameworks";
				PRODUCT_NAME = "$(TARGET_NAME)";
			};
			name = Release;
		};
		0E7126AA1B5F2E97003E8F02 /* Debug */ = {
			isa = XCBuildConfiguration;
			buildSettings = {
				BUNDLE_LOADER = "$(TEST_HOST)";
				FRAMEWORK_SEARCH_PATHS = (
					"$(SDKROOT)/Developer/Library/Frameworks",
					"$(inherited)",
				);
				GCC_PREPROCESSOR_DEFINITIONS = (
					"DEBUG=1",
					"$(inherited)",
				);
				INFOPLIST_FILE = FACocoaPodsTests/Info.plist;
				LD_RUNPATH_SEARCH_PATHS = "$(inherited) @executable_path/Frameworks @loader_path/Frameworks";
				PRODUCT_NAME = "$(TARGET_NAME)";
				TEST_HOST = "$(BUILT_PRODUCTS_DIR)/FACocoaPods.app/FACocoaPods";
			};
			name = Debug;
		};
		0E7126AB1B5F2E97003E8F02 /* Release */ = {
			isa = XCBuildConfiguration;
			buildSettings = {
				BUNDLE_LOADER = "$(TEST_HOST)";
				FRAMEWORK_SEARCH_PATHS = (
					"$(SDKROOT)/Developer/Library/Frameworks",
					"$(inherited)",
				);
				INFOPLIST_FILE = FACocoaPodsTests/Info.plist;
				LD_RUNPATH_SEARCH_PATHS = "$(inherited) @executable_path/Frameworks @loader_path/Frameworks";
				PRODUCT_NAME = "$(TARGET_NAME)";
				TEST_HOST = "$(BUILT_PRODUCTS_DIR)/FACocoaPods.app/FACocoaPods";
			};
			name = Release;
		};
/* End XCBuildConfiguration section */

/* Begin XCConfigurationList section */
		0E7126821B5F2E97003E8F02 /* Build configuration list for PBXProject "FACocoaPods" */ = {
			isa = XCConfigurationList;
			buildConfigurations = (
				0E7126A41B5F2E97003E8F02 /* Debug */,
				0E7126A51B5F2E97003E8F02 /* Release */,
			);
			defaultConfigurationIsVisible = 0;
			defaultConfigurationName = Release;
		};
		0E7126A61B5F2E97003E8F02 /* Build configuration list for PBXNativeTarget "FACocoaPods" */ = {
			isa = XCConfigurationList;
			buildConfigurations = (
				0E7126A71B5F2E97003E8F02 /* Debug */,
				0E7126A81B5F2E97003E8F02 /* Release */,
			);
			defaultConfigurationIsVisible = 0;
		};
		0E7126A91B5F2E97003E8F02 /* Build configuration list for PBXNativeTarget "FACocoaPodsTests" */ = {
			isa = XCConfigurationList;
			buildConfigurations = (
				0E7126AA1B5F2E97003E8F02 /* Debug */,
				0E7126AB1B5F2E97003E8F02 /* Release */,
			);
			defaultConfigurationIsVisible = 0;
		};
/* End XCConfigurationList section */
	};
	rootObject = 0E71267F1B5F2E97003E8F02 /* Project object */;
}
